
Microsoft Visual Studio Solution File, Format Version 12.00
# Visual Studio 15
VisualStudioVersion = 15.0.28010.2003
MinimumVisualStudioVersion = 10.0.40219.1
Project("{9A19103F-16F7-4668-BE54-9A1E7A4F7556}") = "AdventOfCode2018.Day01", "AdventOfCode2018.Day01\AdventOfCode2018.Day01.csproj", "{3D071A97-76F7-4B6A-9741-1288F53717D4}"
EndProject
Project("{9A19103F-16F7-4668-BE54-9A1E7A4F7556}") = "AdventOfCode2018.Day02", "AdventOfCode2018.Day02\AdventOfCode2018.Day02.csproj", "{20CAD6A7-D638-4910-B528-D477E40360BB}"
EndProject
Project("{9A19103F-16F7-4668-BE54-9A1E7A4F7556}") = "AdventOfCode2018.Day03", "AdventOfCode2018.Day03\AdventOfCode2018.Day03.csproj", "{D00051E6-A399-467D-A15C-D7571812575C}"
EndProject
Project("{9A19103F-16F7-4668-BE54-9A1E7A4F7556}") = "AdventOfCode2018.Day04", "AdventOfCode2018.Day04\AdventOfCode2018.Day04.csproj", "{02C7B1C4-4526-4F2B-BE12-8F618498EE2A}"
EndProject
Project("{9A19103F-16F7-4668-BE54-9A1E7A4F7556}") = "AdventOfCode2018.Day05", "AdventOfCode2018.Day05\AdventOfCode2018.Day05.csproj", "{FEA3F780-0B80-44E3-B58D-4DF69054F0D2}"
EndProject
Project("{9A19103F-16F7-4668-BE54-9A1E7A4F7556}") = "AdventOfCode2018.Day06", "AdventOfCode2018.Day06\AdventOfCode2018.Day06.csproj", "{DE282CE0-9DB2-472E-8238-D230DE5378B1}"
EndProject
Project("{9A19103F-16F7-4668-BE54-9A1E7A4F7556}") = "AdventOfCode2018.Day07", "AdventOfCode2018.Day07\AdventOfCode2018.Day07.csproj", "{74258214-124C-4822-865F-E7BC8E190AA3}"
EndProject
Project("{9A19103F-16F7-4668-BE54-9A1E7A4F7556}") = "AdventOfCode2018.Day08", "AdventOfCode2018.Day08\AdventOfCode2018.Day08.csproj", "{9CC809EE-1A31-4C0C-8194-81B69AF21AC6}"
EndProject
Project("{9A19103F-16F7-4668-BE54-9A1E7A4F7556}") = "AdventOfCode2018.Day09", "AdventOfCode2018.Day09\AdventOfCode2018.Day09.csproj", "{E7B79542-DDDF-4574-B3D9-5EB15657EC59}"
EndProject
Project("{9A19103F-16F7-4668-BE54-9A1E7A4F7556}") = "AdventOfCode2018.Day10", "AdventOfCode2018.Day10\AdventOfCode2018.Day10.csproj", "{60176FFB-69D4-44C0-B436-50DD7AA6F13E}"
EndProject
Project("{9A19103F-16F7-4668-BE54-9A1E7A4F7556}") = "AdventOfCode2018.Day11", "AdventOfCode2018.Day11\AdventOfCode2018.Day11.csproj", "{1C05FA19-A39C-427A-BD09-7E0B52952F04}"
EndProject
Project("{9A19103F-16F7-4668-BE54-9A1E7A4F7556}") = "AdventOfCode2018.Day12", "AdventOfCode2018.Day12\AdventOfCode2018.Day12.csproj", "{C4907556-1399-4C87-8FEC-139DBE5983AA}"
EndProject
Project("{9A19103F-16F7-4668-BE54-9A1E7A4F7556}") = "AdventOfCode2018.Day13", "AdventOfCode2018.Day13\AdventOfCode2018.Day13.csproj", "{7696548D-5909-430E-A2E7-27647615C40A}"
EndProject
Project("{9A19103F-16F7-4668-BE54-9A1E7A4F7556}") = "AdventOfCode2018.Day14", "AdventOfCode2018.Day14\AdventOfCode2018.Day14.csproj", "{00820C83-E91A-4FC5-A006-6847D829B1BD}"
EndProject
Project("{9A19103F-16F7-4668-BE54-9A1E7A4F7556}") = "AdventOfCode2018.Day16", "AdventOfCode2018.Day16\AdventOfCode2018.Day16.csproj", "{3F13C2AB-8B66-4324-AF5A-2792D69551A9}"
EndProject
Project("{9A19103F-16F7-4668-BE54-9A1E7A4F7556}") = "AdventOfCode2018.Day15", "AdventOfCode2018.Day15\AdventOfCode2018.Day15.csproj", "{F1755C62-2D86-445D-B54B-9B8447163983}"
EndProject
Project("{9A19103F-16F7-4668-BE54-9A1E7A4F7556}") = "AdventOfCode2018.Day17", "AdventOfCode2018.Day17\AdventOfCode2018.Day17.csproj", "{2E7C3E73-E11C-4E76-A8BF-078CA9FB0565}"
EndProject
Project("{9A19103F-16F7-4668-BE54-9A1E7A4F7556}") = "AdventOfCode2018.Day18", "AdventOfCode2018.Day18\AdventOfCode2018.Day18.csproj", "{1E2D1AF0-442B-478D-9854-E3E83C24E55F}"
EndProject
Project("{9A19103F-16F7-4668-BE54-9A1E7A4F7556}") = "AdventOfCode2018.Day19", "AdventOfCode2018.Day19\AdventOfCode2018.Day19.csproj", "{37B19231-E0CF-4A69-900F-18A6B54B6296}"
EndProject
Project("{9A19103F-16F7-4668-BE54-9A1E7A4F7556}") = "AdventOfCode2018.Day20", "AdventOfCode2018.Day20\AdventOfCode2018.Day20.csproj", "{8869BB68-5B7C-4CF5-9E77-9AD89199A8BA}"
EndProject
Project("{9A19103F-16F7-4668-BE54-9A1E7A4F7556}") = "AdventOfCode2018.Day21", "AdventOfCode2018.Day21\AdventOfCode2018.Day21.csproj", "{E132D929-647D-4264-B502-F5AB28314AB3}"
EndProject
Project("{9A19103F-16F7-4668-BE54-9A1E7A4F7556}") = "AdventOfCode2018.Day22", "AdventOfCode2018.Day22\AdventOfCode2018.Day22.csproj", "{C13A8694-11D5-457A-911C-12EBAB6F9563}"
EndProject
Project("{9A19103F-16F7-4668-BE54-9A1E7A4F7556}") = "AdventOfCode2018.Day23", "AdventOfCode2018.Day23\AdventOfCode2018.Day23.csproj", "{BB3E5E5D-F5BE-46E4-8727-96BFA62762DF}"
EndProject
Project("{9A19103F-16F7-4668-BE54-9A1E7A4F7556}") = "AdventOfCode2018.Day24", "AdventOfCode2018.Day24\AdventOfCode2018.Day24.csproj", "{2BAFA110-0B01-4385-930C-0A2830A46B96}"
EndProject
Project("{FAE04EC0-301F-11D3-BF4B-00C04F79EFBC}") = "AdventOfCode2018.Day25", "AdventOfCode2018.Day25\AdventOfCode2018.Day25.csproj", "{04C0EFC5-FA01-4607-ADD7-43A3C2209701}"
EndProject
Global
	GlobalSection(SolutionConfigurationPlatforms) = preSolution
		Debug|Any CPU = Debug|Any CPU
		Release|Any CPU = Release|Any CPU
	EndGlobalSection
	GlobalSection(ProjectConfigurationPlatforms) = postSolution
		{3D071A97-76F7-4B6A-9741-1288F53717D4}.Debug|Any CPU.ActiveCfg = Debug|Any CPU
		{3D071A97-76F7-4B6A-9741-1288F53717D4}.Debug|Any CPU.Build.0 = Debug|Any CPU
		{3D071A97-76F7-4B6A-9741-1288F53717D4}.Release|Any CPU.ActiveCfg = Release|Any CPU
		{3D071A97-76F7-4B6A-9741-1288F53717D4}.Release|Any CPU.Build.0 = Release|Any CPU
		{20CAD6A7-D638-4910-B528-D477E40360BB}.Debug|Any CPU.ActiveCfg = Debug|Any CPU
		{20CAD6A7-D638-4910-B528-D477E40360BB}.Debug|Any CPU.Build.0 = Debug|Any CPU
		{20CAD6A7-D638-4910-B528-D477E40360BB}.Release|Any CPU.ActiveCfg = Release|Any CPU
		{20CAD6A7-D638-4910-B528-D477E40360BB}.Release|Any CPU.Build.0 = Release|Any CPU
		{D00051E6-A399-467D-A15C-D7571812575C}.Debug|Any CPU.ActiveCfg = Debug|Any CPU
		{D00051E6-A399-467D-A15C-D7571812575C}.Debug|Any CPU.Build.0 = Debug|Any CPU
		{D00051E6-A399-467D-A15C-D7571812575C}.Release|Any CPU.ActiveCfg = Release|Any CPU
		{D00051E6-A399-467D-A15C-D7571812575C}.Release|Any CPU.Build.0 = Release|Any CPU
		{02C7B1C4-4526-4F2B-BE12-8F618498EE2A}.Debug|Any CPU.ActiveCfg = Debug|Any CPU
		{02C7B1C4-4526-4F2B-BE12-8F618498EE2A}.Debug|Any CPU.Build.0 = Debug|Any CPU
		{02C7B1C4-4526-4F2B-BE12-8F618498EE2A}.Release|Any CPU.ActiveCfg = Release|Any CPU
		{02C7B1C4-4526-4F2B-BE12-8F618498EE2A}.Release|Any CPU.Build.0 = Release|Any CPU
		{FEA3F780-0B80-44E3-B58D-4DF69054F0D2}.Debug|Any CPU.ActiveCfg = Debug|Any CPU
		{FEA3F780-0B80-44E3-B58D-4DF69054F0D2}.Debug|Any CPU.Build.0 = Debug|Any CPU
		{FEA3F780-0B80-44E3-B58D-4DF69054F0D2}.Release|Any CPU.ActiveCfg = Release|Any CPU
		{FEA3F780-0B80-44E3-B58D-4DF69054F0D2}.Release|Any CPU.Build.0 = Release|Any CPU
		{DE282CE0-9DB2-472E-8238-D230DE5378B1}.Debug|Any CPU.ActiveCfg = Debug|Any CPU
		{DE282CE0-9DB2-472E-8238-D230DE5378B1}.Debug|Any CPU.Build.0 = Debug|Any CPU
		{DE282CE0-9DB2-472E-8238-D230DE5378B1}.Release|Any CPU.ActiveCfg = Release|Any CPU
		{DE282CE0-9DB2-472E-8238-D230DE5378B1}.Release|Any CPU.Build.0 = Release|Any CPU
		{74258214-124C-4822-865F-E7BC8E190AA3}.Debug|Any CPU.ActiveCfg = Debug|Any CPU
		{74258214-124C-4822-865F-E7BC8E190AA3}.Debug|Any CPU.Build.0 = Debug|Any CPU
		{74258214-124C-4822-865F-E7BC8E190AA3}.Release|Any CPU.ActiveCfg = Release|Any CPU
		{74258214-124C-4822-865F-E7BC8E190AA3}.Release|Any CPU.Build.0 = Release|Any CPU
		{9CC809EE-1A31-4C0C-8194-81B69AF21AC6}.Debug|Any CPU.ActiveCfg = Debug|Any CPU
		{9CC809EE-1A31-4C0C-8194-81B69AF21AC6}.Debug|Any CPU.Build.0 = Debug|Any CPU
		{9CC809EE-1A31-4C0C-8194-81B69AF21AC6}.Release|Any CPU.ActiveCfg = Release|Any CPU
		{9CC809EE-1A31-4C0C-8194-81B69AF21AC6}.Release|Any CPU.Build.0 = Release|Any CPU
		{E7B79542-DDDF-4574-B3D9-5EB15657EC59}.Debug|Any CPU.ActiveCfg = Debug|Any CPU
		{E7B79542-DDDF-4574-B3D9-5EB15657EC59}.Debug|Any CPU.Build.0 = Debug|Any CPU
		{E7B79542-DDDF-4574-B3D9-5EB15657EC59}.Release|Any CPU.ActiveCfg = Release|Any CPU
		{E7B79542-DDDF-4574-B3D9-5EB15657EC59}.Release|Any CPU.Build.0 = Release|Any CPU
		{60176FFB-69D4-44C0-B436-50DD7AA6F13E}.Debug|Any CPU.ActiveCfg = Debug|Any CPU
		{60176FFB-69D4-44C0-B436-50DD7AA6F13E}.Debug|Any CPU.Build.0 = Debug|Any CPU
		{60176FFB-69D4-44C0-B436-50DD7AA6F13E}.Release|Any CPU.ActiveCfg = Release|Any CPU
		{60176FFB-69D4-44C0-B436-50DD7AA6F13E}.Release|Any CPU.Build.0 = Release|Any CPU
		{1C05FA19-A39C-427A-BD09-7E0B52952F04}.Debug|Any CPU.ActiveCfg = Debug|Any CPU
		{1C05FA19-A39C-427A-BD09-7E0B52952F04}.Debug|Any CPU.Build.0 = Debug|Any CPU
		{1C05FA19-A39C-427A-BD09-7E0B52952F04}.Release|Any CPU.ActiveCfg = Release|Any CPU
		{1C05FA19-A39C-427A-BD09-7E0B52952F04}.Release|Any CPU.Build.0 = Release|Any CPU
		{C4907556-1399-4C87-8FEC-139DBE5983AA}.Debug|Any CPU.ActiveCfg = Debug|Any CPU
		{C4907556-1399-4C87-8FEC-139DBE5983AA}.Debug|Any CPU.Build.0 = Debug|Any CPU
		{C4907556-1399-4C87-8FEC-139DBE5983AA}.Release|Any CPU.ActiveCfg = Release|Any CPU
		{C4907556-1399-4C87-8FEC-139DBE5983AA}.Release|Any CPU.Build.0 = Release|Any CPU
		{7696548D-5909-430E-A2E7-27647615C40A}.Debug|Any CPU.ActiveCfg = Debug|Any CPU
		{7696548D-5909-430E-A2E7-27647615C40A}.Debug|Any CPU.Build.0 = Debug|Any CPU
		{7696548D-5909-430E-A2E7-27647615C40A}.Release|Any CPU.ActiveCfg = Release|Any CPU
		{7696548D-5909-430E-A2E7-27647615C40A}.Release|Any CPU.Build.0 = Release|Any CPU
		{00820C83-E91A-4FC5-A006-6847D829B1BD}.Debug|Any CPU.ActiveCfg = Debug|Any CPU
		{00820C83-E91A-4FC5-A006-6847D829B1BD}.Debug|Any CPU.Build.0 = Debug|Any CPU
		{00820C83-E91A-4FC5-A006-6847D829B1BD}.Release|Any CPU.ActiveCfg = Release|Any CPU
		{00820C83-E91A-4FC5-A006-6847D829B1BD}.Release|Any CPU.Build.0 = Release|Any CPU
		{3F13C2AB-8B66-4324-AF5A-2792D69551A9}.Debug|Any CPU.ActiveCfg = Debug|Any CPU
		{3F13C2AB-8B66-4324-AF5A-2792D69551A9}.Debug|Any CPU.Build.0 = Debug|Any CPU
		{3F13C2AB-8B66-4324-AF5A-2792D69551A9}.Release|Any CPU.ActiveCfg = Release|Any CPU
		{3F13C2AB-8B66-4324-AF5A-2792D69551A9}.Release|Any CPU.Build.0 = Release|Any CPU
		{F1755C62-2D86-445D-B54B-9B8447163983}.Debug|Any CPU.ActiveCfg = Debug|Any CPU
		{F1755C62-2D86-445D-B54B-9B8447163983}.Debug|Any CPU.Build.0 = Debug|Any CPU
		{F1755C62-2D86-445D-B54B-9B8447163983}.Release|Any CPU.ActiveCfg = Release|Any CPU
		{F1755C62-2D86-445D-B54B-9B8447163983}.Release|Any CPU.Build.0 = Release|Any CPU
		{2E7C3E73-E11C-4E76-A8BF-078CA9FB0565}.Debug|Any CPU.ActiveCfg = Debug|Any CPU
		{2E7C3E73-E11C-4E76-A8BF-078CA9FB0565}.Debug|Any CPU.Build.0 = Debug|Any CPU
		{2E7C3E73-E11C-4E76-A8BF-078CA9FB0565}.Release|Any CPU.ActiveCfg = Release|Any CPU
		{2E7C3E73-E11C-4E76-A8BF-078CA9FB0565}.Release|Any CPU.Build.0 = Release|Any CPU
		{1E2D1AF0-442B-478D-9854-E3E83C24E55F}.Debug|Any CPU.ActiveCfg = Debug|Any CPU
		{1E2D1AF0-442B-478D-9854-E3E83C24E55F}.Debug|Any CPU.Build.0 = Debug|Any CPU
		{1E2D1AF0-442B-478D-9854-E3E83C24E55F}.Release|Any CPU.ActiveCfg = Release|Any CPU
		{1E2D1AF0-442B-478D-9854-E3E83C24E55F}.Release|Any CPU.Build.0 = Release|Any CPU
		{37B19231-E0CF-4A69-900F-18A6B54B6296}.Debug|Any CPU.ActiveCfg = Debug|Any CPU
		{37B19231-E0CF-4A69-900F-18A6B54B6296}.Debug|Any CPU.Build.0 = Debug|Any CPU
		{37B19231-E0CF-4A69-900F-18A6B54B6296}.Release|Any CPU.ActiveCfg = Release|Any CPU
		{37B19231-E0CF-4A69-900F-18A6B54B6296}.Release|Any CPU.Build.0 = Release|Any CPU
		{8869BB68-5B7C-4CF5-9E77-9AD89199A8BA}.Debug|Any CPU.ActiveCfg = Debug|Any CPU
		{8869BB68-5B7C-4CF5-9E77-9AD89199A8BA}.Debug|Any CPU.Build.0 = Debug|Any CPU
		{8869BB68-5B7C-4CF5-9E77-9AD89199A8BA}.Release|Any CPU.ActiveCfg = Release|Any CPU
		{8869BB68-5B7C-4CF5-9E77-9AD89199A8BA}.Release|Any CPU.Build.0 = Release|Any CPU
		{E132D929-647D-4264-B502-F5AB28314AB3}.Debug|Any CPU.ActiveCfg = Debug|Any CPU
		{E132D929-647D-4264-B502-F5AB28314AB3}.Debug|Any CPU.Build.0 = Debug|Any CPU
		{E132D929-647D-4264-B502-F5AB28314AB3}.Release|Any CPU.ActiveCfg = Release|Any CPU
		{E132D929-647D-4264-B502-F5AB28314AB3}.Release|Any CPU.Build.0 = Release|Any CPU
		{C13A8694-11D5-457A-911C-12EBAB6F9563}.Debug|Any CPU.ActiveCfg = Debug|Any CPU
		{C13A8694-11D5-457A-911C-12EBAB6F9563}.Debug|Any CPU.Build.0 = Debug|Any CPU
		{C13A8694-11D5-457A-911C-12EBAB6F9563}.Release|Any CPU.ActiveCfg = Release|Any CPU
		{C13A8694-11D5-457A-911C-12EBAB6F9563}.Release|Any CPU.Build.0 = Release|Any CPU
		{BB3E5E5D-F5BE-46E4-8727-96BFA62762DF}.Debug|Any CPU.ActiveCfg = Debug|Any CPU
		{BB3E5E5D-F5BE-46E4-8727-96BFA62762DF}.Debug|Any CPU.Build.0 = Debug|Any CPU
		{BB3E5E5D-F5BE-46E4-8727-96BFA62762DF}.Release|Any CPU.ActiveCfg = Release|Any CPU
		{BB3E5E5D-F5BE-46E4-8727-96BFA62762DF}.Release|Any CPU.Build.0 = Release|Any CPU
		{2BAFA110-0B01-4385-930C-0A2830A46B96}.Debug|Any CPU.ActiveCfg = Debug|Any CPU
		{2BAFA110-0B01-4385-930C-0A2830A46B96}.Debug|Any CPU.Build.0 = Debug|Any CPU
		{2BAFA110-0B01-4385-930C-0A2830A46B96}.Release|Any CPU.ActiveCfg = Release|Any CPU
		{2BAFA110-0B01-4385-930C-0A2830A46B96}.Release|Any CPU.Build.0 = Release|Any CPU
		{04C0EFC5-FA01-4607-ADD7-43A3C2209701}.Debug|Any CPU.ActiveCfg = Debug|Any CPU
		{04C0EFC5-FA01-4607-ADD7-43A3C2209701}.Debug|Any CPU.Build.0 = Debug|Any CPU
		{04C0EFC5-FA01-4607-ADD7-43A3C2209701}.Release|Any CPU.ActiveCfg = Release|Any CPU
		{04C0EFC5-FA01-4607-ADD7-43A3C2209701}.Release|Any CPU.Build.0 = Release|Any CPU
	EndGlobalSection
	GlobalSection(SolutionProperties) = preSolution
		HideSolutionNode = FALSE
	EndGlobalSection
	GlobalSection(ExtensibilityGlobals) = postSolution
		SolutionGuid = {EE8EABDA-9552-4BED-90A0-996C89026E98}
	EndGlobalSection
EndGlobal
