
Microsoft Visual Studio Solution File, Format Version 12.00
# Visual Studio 15
VisualStudioVersion = 15.0.28010.2003
MinimumVisualStudioVersion = 10.0.40219.1
Project("{FAE04EC0-301F-11D3-BF4B-00C04F79EFBC}") = "AdventOfCode.Day1", "AdventOfCode.Day1\AdventOfCode.Day1.csproj", "{3D071A97-76F7-4B6A-9741-1288F53717D4}"
EndProject
Global
	GlobalSection(SolutionConfigurationPlatforms) = preSolution
		Debug|Any CPU = Debug|Any CPU
		Release|Any CPU = Release|Any CPU
	EndGlobalSection
	GlobalSection(ProjectConfigurationPlatforms) = postSolution
		{3D071A97-76F7-4B6A-9741-1288F53717D4}.Debug|Any CPU.ActiveCfg = Debug|Any CPU
		{3D071A97-76F7-4B6A-9741-1288F53717D4}.Debug|Any CPU.Build.0 = Debug|Any CPU
		{3D071A97-76F7-4B6A-9741-1288F53717D4}.Release|Any CPU.ActiveCfg = Release|Any CPU
		{3D071A97-76F7-4B6A-9741-1288F53717D4}.Release|Any CPU.Build.0 = Release|Any CPU
	EndGlobalSection
	GlobalSection(SolutionProperties) = preSolution
		HideSolutionNode = FALSE
	EndGlobalSection
	GlobalSection(ExtensibilityGlobals) = postSolution
		SolutionGuid = {EE8EABDA-9552-4BED-90A0-996C89026E98}
	EndGlobalSection
EndGlobal
